
Microsoft Visual Studio Solution File, Format Version 12.00
# Visual Studio Version 17
VisualStudioVersion = 17.9.34714.143
MinimumVisualStudioVersion = 10.0.40219.1
Project("{FAE04EC0-301F-11D3-BF4B-00C04F79EFBC}") = "01_IntroToADO_NET", "01_IntroToADO_NET\01_IntroToADO_NET.csproj", "{E125E868-A3CE-4ABE-9FD6-0FDF51B3717A}"
EndProject
Project("{FAE04EC0-301F-11D3-BF4B-00C04F79EFBC}") = "02_DataAccessLayer", "02_DataAccessLayer\02_DataAccessLayer.csproj", "{1E79FE17-4F80-4BDB-94FD-38F1AB01E296}"
EndProject
Project("{FAE04EC0-301F-11D3-BF4B-00C04F79EFBC}") = "03_wpf_client", "03_wpf_client\03_wpf_client.csproj", "{23A087BE-DF9C-44B4-9237-63D6AA26DCF1}"
EndProject
Project("{FAE04EC0-301F-11D3-BF4B-00C04F79EFBC}") = "04_data_access", "04_data_access\04_data_access.csproj", "{0DAE574B-09F2-4598-BFAC-F89FC600E36F}"
EndProject
Project("{FAE04EC0-301F-11D3-BF4B-00C04F79EFBC}") = "05_DisconnectedMode", "05_DisconnectedMode\05_DisconnectedMode.csproj", "{2200AF12-C7A0-4910-B214-B7A8D3D4D7F2}"
EndProject
Global
	GlobalSection(SolutionConfigurationPlatforms) = preSolution
		Debug|Any CPU = Debug|Any CPU
		Release|Any CPU = Release|Any CPU
	EndGlobalSection
	GlobalSection(ProjectConfigurationPlatforms) = postSolution
		{E125E868-A3CE-4ABE-9FD6-0FDF51B3717A}.Debug|Any CPU.ActiveCfg = Debug|Any CPU
		{E125E868-A3CE-4ABE-9FD6-0FDF51B3717A}.Debug|Any CPU.Build.0 = Debug|Any CPU
		{E125E868-A3CE-4ABE-9FD6-0FDF51B3717A}.Release|Any CPU.ActiveCfg = Release|Any CPU
		{E125E868-A3CE-4ABE-9FD6-0FDF51B3717A}.Release|Any CPU.Build.0 = Release|Any CPU
		{1E79FE17-4F80-4BDB-94FD-38F1AB01E296}.Debug|Any CPU.ActiveCfg = Debug|Any CPU
		{1E79FE17-4F80-4BDB-94FD-38F1AB01E296}.Debug|Any CPU.Build.0 = Debug|Any CPU
		{1E79FE17-4F80-4BDB-94FD-38F1AB01E296}.Release|Any CPU.ActiveCfg = Release|Any CPU
		{1E79FE17-4F80-4BDB-94FD-38F1AB01E296}.Release|Any CPU.Build.0 = Release|Any CPU
		{23A087BE-DF9C-44B4-9237-63D6AA26DCF1}.Debug|Any CPU.ActiveCfg = Debug|Any CPU
		{23A087BE-DF9C-44B4-9237-63D6AA26DCF1}.Debug|Any CPU.Build.0 = Debug|Any CPU
		{23A087BE-DF9C-44B4-9237-63D6AA26DCF1}.Release|Any CPU.ActiveCfg = Release|Any CPU
		{23A087BE-DF9C-44B4-9237-63D6AA26DCF1}.Release|Any CPU.Build.0 = Release|Any CPU
		{0DAE574B-09F2-4598-BFAC-F89FC600E36F}.Debug|Any CPU.ActiveCfg = Debug|Any CPU
		{0DAE574B-09F2-4598-BFAC-F89FC600E36F}.Debug|Any CPU.Build.0 = Debug|Any CPU
		{0DAE574B-09F2-4598-BFAC-F89FC600E36F}.Release|Any CPU.ActiveCfg = Release|Any CPU
		{0DAE574B-09F2-4598-BFAC-F89FC600E36F}.Release|Any CPU.Build.0 = Release|Any CPU
		{2200AF12-C7A0-4910-B214-B7A8D3D4D7F2}.Debug|Any CPU.ActiveCfg = Debug|Any CPU
		{2200AF12-C7A0-4910-B214-B7A8D3D4D7F2}.Debug|Any CPU.Build.0 = Debug|Any CPU
		{2200AF12-C7A0-4910-B214-B7A8D3D4D7F2}.Release|Any CPU.ActiveCfg = Release|Any CPU
		{2200AF12-C7A0-4910-B214-B7A8D3D4D7F2}.Release|Any CPU.Build.0 = Release|Any CPU
	EndGlobalSection
	GlobalSection(SolutionProperties) = preSolution
		HideSolutionNode = FALSE
	EndGlobalSection
	GlobalSection(ExtensibilityGlobals) = postSolution
		SolutionGuid = {F8370E9D-4730-4F8D-A72F-C7C68A890F53}
	EndGlobalSection
EndGlobal
